GIT
  remote: git://github.com/excellaco/puppet-jenkins.git
  ref: 1412b11
  sha: 1412b115f716923c5547dadc9f2764c5ccc899c2
  specs:
    jenkins (0.0.1)

GIT
  remote: git://github.com/puppetlabs/puppetlabs-apt.git
  ref: master
  sha: f3d84c6744a56d68e4fb50434b6c105e1051e964
  specs:
    apt (0.0.1)

GIT
  remote: git://github.com/puppetlabs/puppetlabs-stdlib.git
  ref: master
  sha: 4e25230dd3899ae117a6b621fc6233cb4b305c5a
  specs:
    stdlib (0.0.1)

DEPENDENCIES
  apt (>= 0)
  jenkins (>= 0)
  stdlib (>= 0)

